// !$*UTF8*$!
{
	archiveVersion = 1;
	classes = {
	};
	objectVersion = 46;
	objects = {

/* Begin PBXBuildFile section */
		C9AF3AB51EA48F6A00BE0CFA /* AppDelegate.swift in Sources */ = {isa = PBXBuildFile; fileRef = C9AF3AB41EA48F6A00BE0CFA /* AppDelegate.swift */; };
		C9AF3AB71EA48F6A00BE0CFA /* ViewController.swift in Sources */ = {isa = PBXBuildFile; fileRef = C9AF3AB61EA48F6A00BE0CFA /* ViewController.swift */; };
		C9AF3ABA1EA48F6A00BE0CFA /* Main.storyboard in Resources */ = {isa = PBXBuildFile; fileRef = C9AF3AB81EA48F6A00BE0CFA /* Main.storyboard */; };
		C9AF3ABC1EA48F6A00BE0CFA /* Assets.xcassets in Resources */ = {isa = PBXBuildFile; fileRef = C9AF3ABB1EA48F6A00BE0CFA /* Assets.xcassets */; };
		C9AF3ABF1EA48F6A00BE0CFA /* LaunchScreen.storyboard in Resources */ = {isa = PBXBuildFile; fileRef = C9AF3ABD1EA48F6A00BE0CFA /* LaunchScreen.storyboard */; };
		C9AF3ACA1EA48F6A00BE0CFA /* JLAuthorizationManagerDemoTests.swift in Sources */ = {isa = PBXBuildFile; fileRef = C9AF3AC91EA48F6A00BE0CFA /* JLAuthorizationManagerDemoTests.swift */; };
		C9AF3AD51EA48F6A00BE0CFA /* JLAuthorizationManagerDemoUITests.swift in Sources */ = {isa = PBXBuildFile; fileRef = C9AF3AD41EA48F6A00BE0CFA /* JLAuthorizationManagerDemoUITests.swift */; };
/* End PBXBuildFile section */

/* Begin PBXContainerItemProxy section */
		C9AF3AC61EA48F6A00BE0CFA /* PBXContainerItemProxy */ = {
			isa = PBXContainerItemProxy;
			containerPortal = C9AF3AA91EA48F6900BE0CFA /* Project object */;
			proxyType = 1;
			remoteGlobalIDString = C9AF3AB01EA48F6A00BE0CFA;
			remoteInfo = JLAuthorizationManagerDemo;
		};
		C9AF3AD11EA48F6A00BE0CFA /* PBXContainerItemProxy */ = {
			isa = PBXContainerItemProxy;
			containerPortal = C9AF3AA91EA48F6900BE0CFA /* Project object */;
			proxyType = 1;
			remoteGlobalIDString = C9AF3AB01EA48F6A00BE0CFA;
			remoteInfo = JLAuthorizationManagerDemo;
		};
/* End PBXContainerItemProxy section */

/* Begin PBXFileReference section */
		C9AF3AB11EA48F6A00BE0CFA /* JLAuthorizationManagerDemo.app */ = {isa = PBXFileReference; explicitFileType = wrapper.application; includeInIndex = 0; path = JLAuthorizationManagerDemo.app; sourceTree = BUILT_PRODUCTS_DIR; };
		C9AF3AB41EA48F6A00BE0CFA /* AppDelegate.swift */ = {isa = PBXFileReference; lastKnownFileType = sourcecode.swift; path = AppDelegate.swift; sourceTree = "<group>"; };
		C9AF3AB61EA48F6A00BE0CFA /* ViewController.swift */ = {isa = PBXFileReference; lastKnownFileType = sourcecode.swift; path = ViewController.swift; sourceTree = "<group>"; };
		C9AF3AB91EA48F6A00BE0CFA /* Base */ = {isa = PBXFileReference; lastKnownFileType = file.storyboard; name = Base; path = Base.lproj/Main.storyboard; sourceTree = "<group>"; };
		C9AF3ABB1EA48F6A00BE0CFA /* Assets.xcassets */ = {isa = PBXFileReference; lastKnownFileType = folder.assetcatalog; path = Assets.xcassets; sourceTree = "<group>"; };
		C9AF3ABE1EA48F6A00BE0CFA /* Base */ = {isa = PBXFileReference; lastKnownFileType = file.storyboard; name = Base; path = Base.lproj/LaunchScreen.storyboard; sourceTree = "<group>"; };
		C9AF3AC01EA48F6A00BE0CFA /* Info.plist */ = {isa = PBXFileReference; lastKnownFileType = text.plist.xml; path = Info.plist; sourceTree = "<group>"; };
		C9AF3AC51EA48F6A00BE0CFA /* JLAuthorizationManagerDemoTests.xctest */ = {isa = PBXFileReference; explicitFileType = wrapper.cfbundle; includeInIndex = 0; path = JLAuthorizationManagerDemoTests.xctest; sourceTree = BUILT_PRODUCTS_DIR; };
		C9AF3AC91EA48F6A00BE0CFA /* JLAuthorizationManagerDemoTests.swift */ = {isa = PBXFileReference; lastKnownFileType = sourcecode.swift; path = JLAuthorizationManagerDemoTests.swift; sourceTree = "<group>"; };
		C9AF3ACB1EA48F6A00BE0CFA /* Info.plist */ = {isa = PBXFileReference; lastKnownFileType = text.plist.xml; path = Info.plist; sourceTree = "<group>"; };
		C9AF3AD01EA48F6A00BE0CFA /* JLAuthorizationManagerDemoUITests.xctest */ = {isa = PBXFileReference; explicitFileType = wrapper.cfbundle; includeInIndex = 0; path = JLAuthorizationManagerDemoUITests.xctest; sourceTree = BUILT_PRODUCTS_DIR; };
		C9AF3AD41EA48F6A00BE0CFA /* JLAuthorizationManagerDemoUITests.swift */ = {isa = PBXFileReference; lastKnownFileType = sourcecode.swift; path = JLAuthorizationManagerDemoUITests.swift; sourceTree = "<group>"; };
		C9AF3AD61EA48F6A00BE0CFA /* Info.plist */ = {isa = PBXFileReference; lastKnownFileType = text.plist.xml; path = Info.plist; sourceTree = "<group>"; };
/* End PBXFileReference section */

/* Begin PBXFrameworksBuildPhase section */
		C9AF3AAE1EA48F6A00BE0CFA /* Frameworks */ = {
			isa = PBXFrameworksBuildPhase;
			buildActionMask = 2147483647;
			files = (
			);
			runOnlyForDeploymentPostprocessing = 0;
		};
		C9AF3AC21EA48F6A00BE0CFA /* Frameworks */ = {
			isa = PBXFrameworksBuildPhase;
			buildActionMask = 2147483647;
			files = (
			);
			runOnlyForDeploymentPostprocessing = 0;
		};
		C9AF3ACD1EA48F6A00BE0CFA /* Frameworks */ = {
			isa = PBXFrameworksBuildPhase;
			buildActionMask = 2147483647;
			files = (
			);
			runOnlyForDeploymentPostprocessing = 0;
		};
/* End PBXFrameworksBuildPhase section */

/* Begin PBXGroup section */
		C9AF3AA81EA48F6900BE0CFA = {
			isa = PBXGroup;
			children = (
				C9AF3AB31EA48F6A00BE0CFA /* JLAuthorizationManagerDemo */,
				C9AF3AC81EA48F6A00BE0CFA /* JLAuthorizationManagerDemoTests */,
				C9AF3AD31EA48F6A00BE0CFA /* JLAuthorizationManagerDemoUITests */,
				C9AF3AB21EA48F6A00BE0CFA /* Products */,
			);
			sourceTree = "<group>";
		};
		C9AF3AB21EA48F6A00BE0CFA /* Products */ = {
			isa = PBXGroup;
			children = (
				C9AF3AB11EA48F6A00BE0CFA /* JLAuthorizationManagerDemo.app */,
				C9AF3AC51EA48F6A00BE0CFA /* JLAuthorizationManagerDemoTests.xctest */,
				C9AF3AD01EA48F6A00BE0CFA /* JLAuthorizationManagerDemoUITests.xctest */,
			);
			name = Products;
			sourceTree = "<group>";
		};
		C9AF3AB31EA48F6A00BE0CFA /* JLAuthorizationManagerDemo */ = {
			isa = PBXGroup;
			children = (
				C9AF3AB41EA48F6A00BE0CFA /* AppDelegate.swift */,
				C9AF3AB61EA48F6A00BE0CFA /* ViewController.swift */,
				C9AF3AB81EA48F6A00BE0CFA /* Main.storyboard */,
				C9AF3ABB1EA48F6A00BE0CFA /* Assets.xcassets */,
				C9AF3ABD1EA48F6A00BE0CFA /* LaunchScreen.storyboard */,
				C9AF3AC01EA48F6A00BE0CFA /* Info.plist */,
			);
			path = JLAuthorizationManagerDemo;
			sourceTree = "<group>";
		};
		C9AF3AC81EA48F6A00BE0CFA /* JLAuthorizationManagerDemoTests */ = {
			isa = PBXGroup;
			children = (
				C9AF3AC91EA48F6A00BE0CFA /* JLAuthorizationManagerDemoTests.swift */,
				C9AF3ACB1EA48F6A00BE0CFA /* Info.plist */,
			);
			path = JLAuthorizationManagerDemoTests;
			sourceTree = "<group>";
		};
		C9AF3AD31EA48F6A00BE0CFA /* JLAuthorizationManagerDemoUITests */ = {
			isa = PBXGroup;
			children = (
				C9AF3AD41EA48F6A00BE0CFA /* JLAuthorizationManagerDemoUITests.swift */,
				C9AF3AD61EA48F6A00BE0CFA /* Info.plist */,
			);
			path = JLAuthorizationManagerDemoUITests;
			sourceTree = "<group>";
		};
/* End PBXGroup section */

/* Begin PBXNativeTarget section */
		C9AF3AB01EA48F6A00BE0CFA /* JLAuthorizationManagerDemo */ = {
			isa = PBXNativeTarget;
			buildConfigurationList = C9AF3AD91EA48F6A00BE0CFA /* Build configuration list for PBXNativeTarget "JLAuthorizationManagerDemo" */;
			buildPhases = (
				C9AF3AAD1EA48F6A00BE0CFA /* Sources */,
				C9AF3AAE1EA48F6A00BE0CFA /* Frameworks */,
				C9AF3AAF1EA48F6A00BE0CFA /* Resources */,
			);
			buildRules = (
			);
			dependencies = (
			);
			name = JLAuthorizationManagerDemo;
			productName = JLAuthorizationManagerDemo;
			productReference = C9AF3AB11EA48F6A00BE0CFA /* JLAuthorizationManagerDemo.app */;
			productType = "com.apple.product-type.application";
		};
		C9AF3AC41EA48F6A00BE0CFA /* JLAuthorizationManagerDemoTests */ = {
			isa = PBXNativeTarget;
			buildConfigurationList = C9AF3ADC1EA48F6A00BE0CFA /* Build configuration list for PBXNativeTarget "JLAuthorizationManagerDemoTests" */;
			buildPhases = (
				C9AF3AC11EA48F6A00BE0CFA /* Sources */,
				C9AF3AC21EA48F6A00BE0CFA /* Frameworks */,
				C9AF3AC31EA48F6A00BE0CFA /* Resources */,
			);
			buildRules = (
			);
			dependencies = (
				C9AF3AC71EA48F6A00BE0CFA /* PBXTargetDependency */,
			);
			name = JLAuthorizationManagerDemoTests;
			productName = JLAuthorizationManagerDemoTests;
			productReference = C9AF3AC51EA48F6A00BE0CFA /* JLAuthorizationManagerDemoTests.xctest */;
			productType = "com.apple.product-type.bundle.unit-test";
		};
		C9AF3ACF1EA48F6A00BE0CFA /* JLAuthorizationManagerDemoUITests */ = {
			isa = PBXNativeTarget;
			buildConfigurationList = C9AF3ADF1EA48F6A00BE0CFA /* Build configuration list for PBXNativeTarget "JLAuthorizationManagerDemoUITests" */;
			buildPhases = (
				C9AF3ACC1EA48F6A00BE0CFA /* Sources */,
				C9AF3ACD1EA48F6A00BE0CFA /* Frameworks */,
				C9AF3ACE1EA48F6A00BE0CFA /* Resources */,
			);
			buildRules = (
			);
			dependencies = (
				C9AF3AD21EA48F6A00BE0CFA /* PBXTargetDependency */,
			);
			name = JLAuthorizationManagerDemoUITests;
			productName = JLAuthorizationManagerDemoUITests;
			productReference = C9AF3AD01EA48F6A00BE0CFA /* JLAuthorizationManagerDemoUITests.xctest */;
			productType = "com.apple.product-type.bundle.ui-testing";
		};
/* End PBXNativeTarget section */

/* Begin PBXProject section */
		C9AF3AA91EA48F6900BE0CFA /* Project object */ = {
			isa = PBXProject;
			attributes = {
				LastSwiftUpdateCheck = 0830;
				LastUpgradeCheck = 0830;
				ORGANIZATIONNAME = JackLin;
				TargetAttributes = {
					C9AF3AB01EA48F6A00BE0CFA = {
						CreatedOnToolsVersion = 8.3.1;
						ProvisioningStyle = Automatic;
					};
					C9AF3AC41EA48F6A00BE0CFA = {
						CreatedOnToolsVersion = 8.3.1;
						ProvisioningStyle = Automatic;
						TestTargetID = C9AF3AB01EA48F6A00BE0CFA;
					};
					C9AF3ACF1EA48F6A00BE0CFA = {
						CreatedOnToolsVersion = 8.3.1;
						ProvisioningStyle = Automatic;
						TestTargetID = C9AF3AB01EA48F6A00BE0CFA;
					};
				};
			};
			buildConfigurationList = C9AF3AAC1EA48F6900BE0CFA /* Build configuration list for PBXProject "JLAuthorizationManagerDemo" */;
			compatibilityVersion = "Xcode 3.2";
			developmentRegion = English;
			hasScannedForEncodings = 0;
			knownRegions = (
				en,
				Base,
			);
			mainGroup = C9AF3AA81EA48F6900BE0CFA;
			productRefGroup = C9AF3AB21EA48F6A00BE0CFA /* Products */;
			projectDirPath = "";
			projectRoot = "";
			targets = (
				C9AF3AB01EA48F6A00BE0CFA /* JLAuthorizationManagerDemo */,
				C9AF3AC41EA48F6A00BE0CFA /* JLAuthorizationManagerDemoTests */,
				C9AF3ACF1EA48F6A00BE0CFA /* JLAuthorizationManagerDemoUITests */,
			);
		};
/* End PBXProject section */

/* Begin PBXResourcesBuildPhase section */
		C9AF3AAF1EA48F6A00BE0CFA /* Resources */ = {
			isa = PBXResourcesBuildPhase;
			buildActionMask = 2147483647;
			files = (
				C9AF3ABF1EA48F6A00BE0CFA /* LaunchScreen.storyboard in Resources */,
				C9AF3ABC1EA48F6A00BE0CFA /* Assets.xcassets in Resources */,
				C9AF3ABA1EA48F6A00BE0CFA /* Main.storyboard in Resources */,
			);
			runOnlyForDeploymentPostprocessing = 0;
		};
		C9AF3AC31EA48F6A00BE0CFA /* Resources */ = {
			isa = PBXResourcesBuildPhase;
			buildActionMask = 2147483647;
			files = (
			);
			runOnlyForDeploymentPostprocessing = 0;
		};
		C9AF3ACE1EA48F6A00BE0CFA /* Resources */ = {
			isa = PBXResourcesBuildPhase;
			buildActionMask = 2147483647;
			files = (
			);
			runOnlyForDeploymentPostprocessing = 0;
		};
/* End PBXResourcesBuildPhase section */

/* Begin PBXSourcesBuildPhase section */
		C9AF3AAD1EA48F6A00BE0CFA /* Sources */ = {
			isa = PBXSourcesBuildPhase;
			buildActionMask = 2147483647;
			files = (
				C9AF3AB71EA48F6A00BE0CFA /* ViewController.swift in Sources */,
				C9AF3AB51EA48F6A00BE0CFA /* AppDelegate.swift in Sources */,
			);
			runOnlyForDeploymentPostprocessing = 0;
		};
		C9AF3AC11EA48F6A00BE0CFA /* Sources */ = {
			isa = PBXSourcesBuildPhase;
			buildActionMask = 2147483647;
			files = (
				C9AF3ACA1EA48F6A00BE0CFA /* JLAuthorizationManagerDemoTests.swift in Sources */,
			);
			runOnlyForDeploymentPostprocessing = 0;
		};
		C9AF3ACC1EA48F6A00BE0CFA /* Sources */ = {
			isa = PBXSourcesBuildPhase;
			buildActionMask = 2147483647;
			files = (
				C9AF3AD51EA48F6A00BE0CFA /* JLAuthorizationManagerDemoUITests.swift in Sources */,
			);
			runOnlyForDeploymentPostprocessing = 0;
		};
/* End PBXSourcesBuildPhase section */

/* Begin PBXTargetDependency section */
		C9AF3AC71EA48F6A00BE0CFA /* PBXTargetDependency */ = {
			isa = PBXTargetDependency;
			target = C9AF3AB01EA48F6A00BE0CFA /* JLAuthorizationManagerDemo */;
			targetProxy = C9AF3AC61EA48F6A00BE0CFA /* PBXContainerItemProxy */;
		};
		C9AF3AD21EA48F6A00BE0CFA /* PBXTargetDependency */ = {
			isa = PBXTargetDependency;
			target = C9AF3AB01EA48F6A00BE0CFA /* JLAuthorizationManagerDemo */;
			targetProxy = C9AF3AD11EA48F6A00BE0CFA /* PBXContainerItemProxy */;
		};
/* End PBXTargetDependency section */

/* Begin PBXVariantGroup section */
		C9AF3AB81EA48F6A00BE0CFA /* Main.storyboard */ = {
			isa = PBXVariantGroup;
			children = (
				C9AF3AB91EA48F6A00BE0CFA /* Base */,
			);
			name = Main.storyboard;
			sourceTree = "<group>";
		};
		C9AF3ABD1EA48F6A00BE0CFA /* LaunchScreen.storyboard */ = {
			isa = PBXVariantGroup;
			children = (
				C9AF3ABE1EA48F6A00BE0CFA /* Base */,
			);
			name = LaunchScreen.storyboard;
			sourceTree = "<group>";
		};
/* End PBXVariantGroup section */

/* Begin XCBuildConfiguration section */
		C9AF3AD71EA48F6A00BE0CFA /* Debug */ = {
			isa = XCBuildConfiguration;
			buildSettings = {
				ALWAYS_SEARCH_USER_PATHS = NO;
				CLANG_ANALYZER_NONNULL = YES;
				CLANG_ANALYZER_NUMBER_OBJECT_CONVERSION = YES_AGGRESSIVE;
				CLANG_CXX_LANGUAGE_STANDARD = "gnu++0x";
				CLANG_CXX_LIBRARY = "libc++";
				CLANG_ENABLE_MODULES = YES;
				CLANG_ENABLE_OBJC_ARC = YES;
				CLANG_WARN_BOOL_CONVERSION = YES;
				CLANG_WARN_CONSTANT_CONVERSION = YES;
				CLANG_WARN_DIRECT_OBJC_ISA_USAGE = YES_ERROR;
				CLANG_WARN_DOCUMENTATION_COMMENTS = YES;
				CLANG_WARN_EMPTY_BODY = YES;
				CLANG_WARN_ENUM_CONVERSION = YES;
				CLANG_WARN_INFINITE_RECURSION = YES;
				CLANG_WARN_INT_CONVERSION = YES;
				CLANG_WARN_OBJC_ROOT_CLASS = YES_ERROR;
				CLANG_WARN_SUSPICIOUS_MOVE = YES;
				CLANG_WARN_UNREACHABLE_CODE = YES;
				CLANG_WARN__DUPLICATE_METHOD_MATCH = YES;
				"CODE_SIGN_IDENTITY[sdk=iphoneos*]" = "iPhone Developer";
				COPY_PHASE_STRIP = NO;
				DEBUG_INFORMATION_FORMAT = dwarf;
				ENABLE_STRICT_OBJC_MSGSEND = YES;
				ENABLE_TESTABILITY = YES;
				GCC_C_LANGUAGE_STANDARD = gnu99;
				GCC_DYNAMIC_NO_PIC = NO;
				GCC_NO_COMMON_BLOCKS = YES;
				GCC_OPTIMIZATION_LEVEL = 0;
				GCC_PREPROCESSOR_DEFINITIONS = (
					"DEBUG=1",
					"$(inherited)",
				);
				GCC_WARN_64_TO_32_BIT_CONVERSION = YES;
				GCC_WARN_ABOUT_RETURN_TYPE = YES_ERROR;
				GCC_WARN_UNDECLARED_SELECTOR = YES;
				GCC_WARN_UNINITIALIZED_AUTOS = YES_AGGRESSIVE;
				GCC_WARN_UNUSED_FUNCTION = YES;
				GCC_WARN_UNUSED_VARIABLE = YES;
				IPHONEOS_DEPLOYMENT_TARGET = 10.3;
				MTL_ENABLE_DEBUG_INFO = YES;
				ONLY_ACTIVE_ARCH = YES;
				SDKROOT = iphoneos;
				SWIFT_ACTIVE_COMPILATION_CONDITIONS = DEBUG;
				SWIFT_OPTIMIZATION_LEVEL = "-Onone";
				TARGETED_DEVICE_FAMILY = "1,2";
			};
			name = Debug;
		};
		C9AF3AD81EA48F6A00BE0CFA /* Release */ = {
			isa = XCBuildConfiguration;
			buildSettings = {
				ALWAYS_SEARCH_USER_PATHS = NO;
				CLANG_ANALYZER_NONNULL = YES;
				CLANG_ANALYZER_NUMBER_OBJECT_CONVERSION = YES_AGGRESSIVE;
				CLANG_CXX_LANGUAGE_STANDARD = "gnu++0x";
				CLANG_CXX_LIBRARY = "libc++";
				CLANG_ENABLE_MODULES = YES;
				CLANG_ENABLE_OBJC_ARC = YES;
				CLANG_WARN_BOOL_CONVERSION = YES;
				CLANG_WARN_CONSTANT_CONVERSION = YES;
				CLANG_WARN_DIRECT_OBJC_ISA_USAGE = YES_ERROR;
				CLANG_WARN_DOCUMENTATION_COMMENTS = YES;
				CLANG_WARN_EMPTY_BODY = YES;
				CLANG_WARN_ENUM_CONVERSION = YES;
				CLANG_WARN_INFINITE_RECURSION = YES;
				CLANG_WARN_INT_CONVERSION = YES;
				CLANG_WARN_OBJC_ROOT_CLASS = YES_ERROR;
				CLANG_WARN_SUSPICIOUS_MOVE = YES;
				CLANG_WARN_UNREACHABLE_CODE = YES;
				CLANG_WARN__DUPLICATE_METHOD_MATCH = YES;
				"CODE_SIGN_IDENTITY[sdk=iphoneos*]" = "iPhone Developer";
				COPY_PHASE_STRIP = NO;
				DEBUG_INFORMATION_FORMAT = "dwarf-with-dsym";
				ENABLE_NS_ASSERTIONS = NO;
				ENABLE_STRICT_OBJC_MSGSEND = YES;
				GCC_C_LANGUAGE_STANDARD = gnu99;
				GCC_NO_COMMON_BLOCKS = YES;
				GCC_WARN_64_TO_32_BIT_CONVERSION = YES;
				GCC_WARN_ABOUT_RETURN_TYPE = YES_ERROR;
				GCC_WARN_UNDECLARED_SELECTOR = YES;
				GCC_WARN_UNINITIALIZED_AUTOS = YES_AGGRESSIVE;
				GCC_WARN_UNUSED_FUNCTION = YES;
				GCC_WARN_UNUSED_VARIABLE = YES;
				IPHONEOS_DEPLOYMENT_TARGET = 10.3;
				MTL_ENABLE_DEBUG_INFO = NO;
				SDKROOT = iphoneos;
				SWIFT_OPTIMIZATION_LEVEL = "-Owholemodule";
				TARGETED_DEVICE_FAMILY = "1,2";
				VALIDATE_PRODUCT = YES;
			};
			name = Release;
		};
		C9AF3ADA1EA48F6A00BE0CFA /* Debug */ = {
			isa = XCBuildConfiguration;
			buildSettings = {
				ASSETCATALOG_COMPILER_APPICON_NAME = AppIcon;
				INFOPLIST_FILE = JLAuthorizationManagerDemo/Info.plist;
				LD_RUNPATH_SEARCH_PATHS = "$(inherited) @executable_path/Frameworks";
				PRODUCT_BUNDLE_IDENTIFIER = com.jacklin.com.JLAuthorizationManagerDemo;
				PRODUCT_NAME = "$(TARGET_NAME)";
				SWIFT_VERSION = 3.0;
			};
			name = Debug;
		};
		C9AF3ADB1EA48F6A00BE0CFA /* Release */ = {
			isa = XCBuildConfiguration;
			buildSettings = {
				ASSETCATALOG_COMPILER_APPICON_NAME = AppIcon;
				INFOPLIST_FILE = JLAuthorizationManagerDemo/Info.plist;
				LD_RUNPATH_SEARCH_PATHS = "$(inherited) @executable_path/Frameworks";
				PRODUCT_BUNDLE_IDENTIFIER = com.jacklin.com.JLAuthorizationManagerDemo;
				PRODUCT_NAME = "$(TARGET_NAME)";
				SWIFT_VERSION = 3.0;
			};
			name = Release;
		};
		C9AF3ADD1EA48F6A00BE0CFA /* Debug */ = {
			isa = XCBuildConfiguration;
			buildSettings = {
				ALWAYS_EMBED_SWIFT_STANDARD_LIBRARIES = YES;
				BUNDLE_LOADER = "$(TEST_HOST)";
				INFOPLIST_FILE = JLAuthorizationManagerDemoTests/Info.plist;
				LD_RUNPATH_SEARCH_PATHS = "$(inherited) @executable_path/Frameworks @loader_path/Frameworks";
				PRODUCT_BUNDLE_IDENTIFIER = com.jacklin.com.JLAuthorizationManagerDemoTests;
				PRODUCT_NAME = "$(TARGET_NAME)";
				SWIFT_VERSION = 3.0;
				TEST_HOST = "$(BUILT_PRODUCTS_DIR)/JLAuthorizationManagerDemo.app/JLAuthorizationManagerDemo";
			};
			name = Debug;
		};
		C9AF3ADE1EA48F6A00BE0CFA /* Release */ = {
			isa = XCBuildConfiguration;
			buildSettings = {
				ALWAYS_EMBED_SWIFT_STANDARD_LIBRARIES = YES;
				BUNDLE_LOADER = "$(TEST_HOST)";
				INFOPLIST_FILE = JLAuthorizationManagerDemoTests/Info.plist;
				LD_RUNPATH_SEARCH_PATHS = "$(inherited) @executable_path/Frameworks @loader_path/Frameworks";
				PRODUCT_BUNDLE_IDENTIFIER = com.jacklin.com.JLAuthorizationManagerDemoTests;
				PRODUCT_NAME = "$(TARGET_NAME)";
				SWIFT_VERSION = 3.0;
				TEST_HOST = "$(BUILT_PRODUCTS_DIR)/JLAuthorizationManagerDemo.app/JLAuthorizationManagerDemo";
			};
			name = Release;
		};
		C9AF3AE01EA48F6A00BE0CFA /* Debug */ = {
			isa = XCBuildConfiguration;
			buildSettings = {
				ALWAYS_EMBED_SWIFT_STANDARD_LIBRARIES = YES;
				INFOPLIST_FILE = JLAuthorizationManagerDemoUITests/Info.plist;
				LD_RUNPATH_SEARCH_PATHS = "$(inherited) @executable_path/Frameworks @loader_path/Frameworks";
				PRODUCT_BUNDLE_IDENTIFIER = com.jacklin.com.JLAuthorizationManagerDemoUITests;
				PRODUCT_NAME = "$(TARGET_NAME)";
				SWIFT_VERSION = 3.0;
				TEST_TARGET_NAME = JLAuthorizationManagerDemo;
			};
			name = Debug;
		};
		C9AF3AE11EA48F6A00BE0CFA /* Release */ = {
			isa = XCBuildConfiguration;
			buildSettings = {
				ALWAYS_EMBED_SWIFT_STANDARD_LIBRARIES = YES;
				INFOPLIST_FILE = JLAuthorizationManagerDemoUITests/Info.plist;
				LD_RUNPATH_SEARCH_PATHS = "$(inherited) @executable_path/Frameworks @loader_path/Frameworks";
				PRODUCT_BUNDLE_IDENTIFIER = com.jacklin.com.JLAuthorizationManagerDemoUITests;
				PRODUCT_NAME = "$(TARGET_NAME)";
				SWIFT_VERSION = 3.0;
				TEST_TARGET_NAME = JLAuthorizationManagerDemo;
			};
			name = Release;
		};
/* End XCBuildConfiguration section */

/* Begin XCConfigurationList section */
		C9AF3AAC1EA48F6900BE0CFA /* Build configuration list for PBXProject "JLAuthorizationManagerDemo" */ = {
			isa = XCConfigurationList;
			buildConfigurations = (
				C9AF3AD71EA48F6A00BE0CFA /* Debug */,
				C9AF3AD81EA48F6A00BE0CFA /* Release */,
			);
			defaultConfigurationIsVisible = 0;
			defaultConfigurationName = Release;
		};
		C9AF3AD91EA48F6A00BE0CFA /* Build configuration list for PBXNativeTarget "JLAuthorizationManagerDemo" */ = {
			isa = XCConfigurationList;
			buildConfigurations = (
				C9AF3ADA1EA48F6A00BE0CFA /* Debug */,
				C9AF3ADB1EA48F6A00BE0CFA /* Release */,
			);
			defaultConfigurationIsVisible = 0;
		};
		C9AF3ADC1EA48F6A00BE0CFA /* Build configuration list for PBXNativeTarget "JLAuthorizationManagerDemoTests" */ = {
			isa = XCConfigurationList;
			buildConfigurations = (
				C9AF3ADD1EA48F6A00BE0CFA /* Debug */,
				C9AF3ADE1EA48F6A00BE0CFA /* Release */,
			);
			defaultConfigurationIsVisible = 0;
		};
		C9AF3ADF1EA48F6A00BE0CFA /* Build configuration list for PBXNativeTarget "JLAuthorizationManagerDemoUITests" */ = {
			isa = XCConfigurationList;
			buildConfigurations = (
				C9AF3AE01EA48F6A00BE0CFA /* Debug */,
				C9AF3AE11EA48F6A00BE0CFA /* Release */,
			);
			defaultConfigurationIsVisible = 0;
		};
/* End XCConfigurationList section */
	};
	rootObject = C9AF3AA91EA48F6900BE0CFA /* Project object */;
}
